
Microsoft Visual Studio Solution File, Format Version 12.00
# Visual Studio 15
VisualStudioVersion = 15.0.28010.2050
MinimumVisualStudioVersion = 10.0.40219.1
Project("{FAE04EC0-301F-11D3-BF4B-00C04F79EFBC}") = "Saper", "Saper\Saper.csproj", "{696958B0-07B2-4A42-B1ED-D8E616DF21B8}"
EndProject
Global
	GlobalSection(SolutionConfigurationPlatforms) = preSolution
		Debug|Any CPU = Debug|Any CPU
		Release|Any CPU = Release|Any CPU
	EndGlobalSection
	GlobalSection(ProjectConfigurationPlatforms) = postSolution
		{696958B0-07B2-4A42-B1ED-D8E616DF21B8}.Debug|Any CPU.ActiveCfg = Debug|Any CPU
		{696958B0-07B2-4A42-B1ED-D8E616DF21B8}.Debug|Any CPU.Build.0 = Debug|Any CPU
		{696958B0-07B2-4A42-B1ED-D8E616DF21B8}.Release|Any CPU.ActiveCfg = Release|Any CPU
		{696958B0-07B2-4A42-B1ED-D8E616DF21B8}.Release|Any CPU.Build.0 = Release|Any CPU
	EndGlobalSection
	GlobalSection(SolutionProperties) = preSolution
		HideSolutionNode = FALSE
	EndGlobalSection
	GlobalSection(ExtensibilityGlobals) = postSolution
		SolutionGuid = {35FC6726-1989-41DB-A24B-3F43E8ECE75D}
	EndGlobalSection
EndGlobal
